// !$*UTF8*$!
{
	archiveVersion = 1;
	classes = {
	};
	objectVersion = 46;
	objects = {

/* Begin PBXBuildFile section */
		210A149919AFDE400038BC72 /* Foundation.framework in Frameworks */ = {isa = PBXBuildFile; fileRef = 210A149819AFDE400038BC72 /* Foundation.framework */; };
		210A149B19AFDE400038BC72 /* CoreGraphics.framework in Frameworks */ = {isa = PBXBuildFile; fileRef = 210A149A19AFDE400038BC72 /* CoreGraphics.framework */; };
		210A149D19AFDE400038BC72 /* UIKit.framework in Frameworks */ = {isa = PBXBuildFile; fileRef = 210A149C19AFDE400038BC72 /* UIKit.framework */; };
		210A14A319AFDE400038BC72 /* InfoPlist.strings in Resources */ = {isa = PBXBuildFile; fileRef = 210A14A119AFDE400038BC72 /* InfoPlist.strings */; };
		210A14A519AFDE400038BC72 /* main.m in Sources */ = {isa = PBXBuildFile; fileRef = 210A14A419AFDE400038BC72 /* main.m */; };
		210A14A919AFDE400038BC72 /* AppDelegate.m in Sources */ = {isa = PBXBuildFile; fileRef = 210A14A819AFDE400038BC72 /* AppDelegate.m */; };
		210A14AC19AFDE400038BC72 /* Main.storyboard in Resources */ = {isa = PBXBuildFile; fileRef = 210A14AA19AFDE400038BC72 /* Main.storyboard */; };
		210A14AF19AFDE400038BC72 /* ViewController.m in Sources */ = {isa = PBXBuildFile; fileRef = 210A14AE19AFDE400038BC72 /* ViewController.m */; };
		210A14B119AFDE400038BC72 /* Images.xcassets in Resources */ = {isa = PBXBuildFile; fileRef = 210A14B019AFDE400038BC72 /* Images.xcassets */; };
		210A14B819AFDE400038BC72 /* XCTest.framework in Frameworks */ = {isa = PBXBuildFile; fileRef = 210A14B719AFDE400038BC72 /* XCTest.framework */; };
		210A14B919AFDE400038BC72 /* Foundation.framework in Frameworks */ = {isa = PBXBuildFile; fileRef = 210A149819AFDE400038BC72 /* Foundation.framework */; };
		210A14BA19AFDE400038BC72 /* UIKit.framework in Frameworks */ = {isa = PBXBuildFile; fileRef = 210A149C19AFDE400038BC72 /* UIKit.framework */; };
		210A14C219AFDE400038BC72 /* InfoPlist.strings in Resources */ = {isa = PBXBuildFile; fileRef = 210A14C019AFDE400038BC72 /* InfoPlist.strings */; };
		210A14C419AFDE400038BC72 /* Escape_The_UnderworldTests.m in Sources */ = {isa = PBXBuildFile; fileRef = 210A14C319AFDE400038BC72 /* Escape_The_UnderworldTests.m */; };
/* End PBXBuildFile section */

/* Begin PBXContainerItemProxy section */
		210A14BB19AFDE400038BC72 /* PBXContainerItemProxy */ = {
			isa = PBXContainerItemProxy;
			containerPortal = 210A148D19AFDE400038BC72 /* Project object */;
			proxyType = 1;
			remoteGlobalIDString = 210A149419AFDE400038BC72;
			remoteInfo = "Escape The Underworld";
		};
/* End PBXContainerItemProxy section */

/* Begin PBXFileReference section */
		210A149519AFDE400038BC72 /* Escape The Underworld.app */ = {isa = PBXFileReference; explicitFileType = wrapper.application; includeInIndex = 0; path = "Escape The Underworld.app"; sourceTree = BUILT_PRODUCTS_DIR; };
		210A149819AFDE400038BC72 /* Foundation.framework */ = {isa = PBXFileReference; lastKnownFileType = wrapper.framework; name = Foundation.framework; path = System/Library/Frameworks/Foundation.framework; sourceTree = SDKROOT; };
		210A149A19AFDE400038BC72 /* CoreGraphics.framework */ = {isa = PBXFileReference; lastKnownFileType = wrapper.framework; name = CoreGraphics.framework; path = System/Library/Frameworks/CoreGraphics.framework; sourceTree = SDKROOT; };
		210A149C19AFDE400038BC72 /* UIKit.framework */ = {isa = PBXFileReference; lastKnownFileType = wrapper.framework; name = UIKit.framework; path = System/Library/Frameworks/UIKit.framework; sourceTree = SDKROOT; };
		210A14A019AFDE400038BC72 /* Escape The Underworld-Info.plist */ = {isa = PBXFileReference; lastKnownFileType = text.plist.xml; path = "Escape The Underworld-Info.plist"; sourceTree = "<group>"; };
		210A14A219AFDE400038BC72 /* en */ = {isa = PBXFileReference; lastKnownFileType = text.plist.strings; name = en; path = en.lproj/InfoPlist.strings; sourceTree = "<group>"; };
		210A14A419AFDE400038BC72 /* main.m */ = {isa = PBXFileReference; lastKnownFileType = sourcecode.c.objc; path = main.m; sourceTree = "<group>"; };
		210A14A619AFDE400038BC72 /* Escape The Underworld-Prefix.pch */ = {isa = PBXFileReference; lastKnownFileType = sourcecode.c.h; path = "Escape The Underworld-Prefix.pch"; sourceTree = "<group>"; };
		210A14A719AFDE400038BC72 /* AppDelegate.h */ = {isa = PBXFileReference; lastKnownFileType = sourcecode.c.h; path = AppDelegate.h; sourceTree = "<group>"; };
		210A14A819AFDE400038BC72 /* AppDelegate.m */ = {isa = PBXFileReference; lastKnownFileType = sourcecode.c.objc; path = AppDelegate.m; sourceTree = "<group>"; };
		210A14AB19AFDE400038BC72 /* Base */ = {isa = PBXFileReference; lastKnownFileType = file.storyboard; name = Base; path = Base.lproj/Main.storyboard; sourceTree = "<group>"; };
		210A14AD19AFDE400038BC72 /* ViewController.h */ = {isa = PBXFileReference; lastKnownFileType = sourcecode.c.h; path = ViewController.h; sourceTree = "<group>"; };
		210A14AE19AFDE400038BC72 /* ViewController.m */ = {isa = PBXFileReference; lastKnownFileType = sourcecode.c.objc; path = ViewController.m; sourceTree = "<group>"; };
		210A14B019AFDE400038BC72 /* Images.xcassets */ = {isa = PBXFileReference; lastKnownFileType = folder.assetcatalog; path = Images.xcassets; sourceTree = "<group>"; };
		210A14B619AFDE400038BC72 /* Escape The UnderworldTests.xctest */ = {isa = PBXFileReference; explicitFileType = wrapper.cfbundle; includeInIndex = 0; path = "Escape The UnderworldTests.xctest"; sourceTree = BUILT_PRODUCTS_DIR; };
		210A14B719AFDE400038BC72 /* XCTest.framework */ = {isa = PBXFileReference; lastKnownFileType = wrapper.framework; name = XCTest.framework; path = Library/Frameworks/XCTest.framework; sourceTree = DEVELOPER_DIR; };
		210A14BF19AFDE400038BC72 /* Escape The UnderworldTests-Info.plist */ = {isa = PBXFileReference; lastKnownFileType = text.plist.xml; path = "Escape The UnderworldTests-Info.plist"; sourceTree = "<group>"; };
		210A14C119AFDE400038BC72 /* en */ = {isa = PBXFileReference; lastKnownFileType = text.plist.strings; name = en; path = en.lproj/InfoPlist.strings; sourceTree = "<group>"; };
		210A14C319AFDE400038BC72 /* Escape_The_UnderworldTests.m */ = {isa = PBXFileReference; lastKnownFileType = sourcecode.c.objc; path = Escape_The_UnderworldTests.m; sourceTree = "<group>"; };
/* End PBXFileReference section */

/* Begin PBXFrameworksBuildPhase section */
		210A149219AFDE400038BC72 /* Frameworks */ = {
			isa = PBXFrameworksBuildPhase;
			buildActionMask = 2147483647;
			files = (
				210A149B19AFDE400038BC72 /* CoreGraphics.framework in Frameworks */,
				210A149D19AFDE400038BC72 /* UIKit.framework in Frameworks */,
				210A149919AFDE400038BC72 /* Foundation.framework in Frameworks */,
			);
			runOnlyForDeploymentPostprocessing = 0;
		};
		210A14B319AFDE400038BC72 /* Frameworks */ = {
			isa = PBXFrameworksBuildPhase;
			buildActionMask = 2147483647;
			files = (
				210A14B819AFDE400038BC72 /* XCTest.framework in Frameworks */,
				210A14BA19AFDE400038BC72 /* UIKit.framework in Frameworks */,
				210A14B919AFDE400038BC72 /* Foundation.framework in Frameworks */,
			);
			runOnlyForDeploymentPostprocessing = 0;
		};
/* End PBXFrameworksBuildPhase section */

/* Begin PBXGroup section */
		210A148C19AFDE400038BC72 = {
			isa = PBXGroup;
			children = (
				210A149E19AFDE400038BC72 /* Escape The Underworld */,
				210A14BD19AFDE400038BC72 /* Escape The UnderworldTests */,
				210A149719AFDE400038BC72 /* Frameworks */,
				210A149619AFDE400038BC72 /* Products */,
			);
			sourceTree = "<group>";
		};
		210A149619AFDE400038BC72 /* Products */ = {
			isa = PBXGroup;
			children = (
				210A149519AFDE400038BC72 /* Escape The Underworld.app */,
				210A14B619AFDE400038BC72 /* Escape The UnderworldTests.xctest */,
			);
			name = Products;
			sourceTree = "<group>";
		};
		210A149719AFDE400038BC72 /* Frameworks */ = {
			isa = PBXGroup;
			children = (
				210A149819AFDE400038BC72 /* Foundation.framework */,
				210A149A19AFDE400038BC72 /* CoreGraphics.framework */,
				210A149C19AFDE400038BC72 /* UIKit.framework */,
				210A14B719AFDE400038BC72 /* XCTest.framework */,
			);
			name = Frameworks;
			sourceTree = "<group>";
		};
		210A149E19AFDE400038BC72 /* Escape The Underworld */ = {
			isa = PBXGroup;
			children = (
				210A14A719AFDE400038BC72 /* AppDelegate.h */,
				210A14A819AFDE400038BC72 /* AppDelegate.m */,
				210A14AA19AFDE400038BC72 /* Main.storyboard */,
				210A14AD19AFDE400038BC72 /* ViewController.h */,
				210A14AE19AFDE400038BC72 /* ViewController.m */,
				210A14B019AFDE400038BC72 /* Images.xcassets */,
				210A149F19AFDE400038BC72 /* Supporting Files */,
			);
			path = "Escape The Underworld";
			sourceTree = "<group>";
		};
		210A149F19AFDE400038BC72 /* Supporting Files */ = {
			isa = PBXGroup;
			children = (
				210A14A019AFDE400038BC72 /* Escape The Underworld-Info.plist */,
				210A14A119AFDE400038BC72 /* InfoPlist.strings */,
				210A14A419AFDE400038BC72 /* main.m */,
				210A14A619AFDE400038BC72 /* Escape The Underworld-Prefix.pch */,
			);
			name = "Supporting Files";
			sourceTree = "<group>";
		};
		210A14BD19AFDE400038BC72 /* Escape The UnderworldTests */ = {
			isa = PBXGroup;
			children = (
				210A14C319AFDE400038BC72 /* Escape_The_UnderworldTests.m */,
				210A14BE19AFDE400038BC72 /* Supporting Files */,
			);
			path = "Escape The UnderworldTests";
			sourceTree = "<group>";
		};
		210A14BE19AFDE400038BC72 /* Supporting Files */ = {
			isa = PBXGroup;
			children = (
				210A14BF19AFDE400038BC72 /* Escape The UnderworldTests-Info.plist */,
				210A14C019AFDE400038BC72 /* InfoPlist.strings */,
			);
			name = "Supporting Files";
			sourceTree = "<group>";
		};
/* End PBXGroup section */

/* Begin PBXNativeTarget section */
		210A149419AFDE400038BC72 /* Escape The Underworld */ = {
			isa = PBXNativeTarget;
			buildConfigurationList = 210A14C719AFDE400038BC72 /* Build configuration list for PBXNativeTarget "Escape The Underworld" */;
			buildPhases = (
				210A149119AFDE400038BC72 /* Sources */,
				210A149219AFDE400038BC72 /* Frameworks */,
				210A149319AFDE400038BC72 /* Resources */,
			);
			buildRules = (
			);
			dependencies = (
			);
			name = "Escape The Underworld";
			productName = "Escape The Underworld";
			productReference = 210A149519AFDE400038BC72 /* Escape The Underworld.app */;
			productType = "com.apple.product-type.application";
		};
		210A14B519AFDE400038BC72 /* Escape The UnderworldTests */ = {
			isa = PBXNativeTarget;
			buildConfigurationList = 210A14CA19AFDE400038BC72 /* Build configuration list for PBXNativeTarget "Escape The UnderworldTests" */;
			buildPhases = (
				210A14B219AFDE400038BC72 /* Sources */,
				210A14B319AFDE400038BC72 /* Frameworks */,
				210A14B419AFDE400038BC72 /* Resources */,
			);
			buildRules = (
			);
			dependencies = (
				210A14BC19AFDE400038BC72 /* PBXTargetDependency */,
			);
			name = "Escape The UnderworldTests";
			productName = "Escape The UnderworldTests";
			productReference = 210A14B619AFDE400038BC72 /* Escape The UnderworldTests.xctest */;
			productType = "com.apple.product-type.bundle.unit-test";
		};
/* End PBXNativeTarget section */

/* Begin PBXProject section */
		210A148D19AFDE400038BC72 /* Project object */ = {
			isa = PBXProject;
			attributes = {
				LastUpgradeCheck = 0510;
				ORGANIZATIONNAME = "Sixth Singh Enterprise";
				TargetAttributes = {
					210A14B519AFDE400038BC72 = {
						TestTargetID = 210A149419AFDE400038BC72;
					};
				};
			};
			buildConfigurationList = 210A149019AFDE400038BC72 /* Build configuration list for PBXProject "Escape The Underworld" */;
			compatibilityVersion = "Xcode 3.2";
			developmentRegion = English;
			hasScannedForEncodings = 0;
			knownRegions = (
				en,
				Base,
			);
			mainGroup = 210A148C19AFDE400038BC72;
			productRefGroup = 210A149619AFDE400038BC72 /* Products */;
			projectDirPath = "";
			projectRoot = "";
			targets = (
				210A149419AFDE400038BC72 /* Escape The Underworld */,
				210A14B519AFDE400038BC72 /* Escape The UnderworldTests */,
			);
		};
/* End PBXProject section */

/* Begin PBXResourcesBuildPhase section */
		210A149319AFDE400038BC72 /* Resources */ = {
			isa = PBXResourcesBuildPhase;
			buildActionMask = 2147483647;
			files = (
				210A14B119AFDE400038BC72 /* Images.xcassets in Resources */,
				210A14A319AFDE400038BC72 /* InfoPlist.strings in Resources */,
				210A14AC19AFDE400038BC72 /* Main.storyboard in Resources */,
			);
			runOnlyForDeploymentPostprocessing = 0;
		};
		210A14B419AFDE400038BC72 /* Resources */ = {
			isa = PBXResourcesBuildPhase;
			buildActionMask = 2147483647;
			files = (
				210A14C219AFDE400038BC72 /* InfoPlist.strings in Resources */,
			);
			runOnlyForDeploymentPostprocessing = 0;
		};
/* End PBXResourcesBuildPhase section */

/* Begin PBXSourcesBuildPhase section */
		210A149119AFDE400038BC72 /* Sources */ = {
			isa = PBXSourcesBuildPhase;
			buildActionMask = 2147483647;
			files = (
				210A14AF19AFDE400038BC72 /* ViewController.m in Sources */,
				210A14A919AFDE400038BC72 /* AppDelegate.m in Sources */,
				210A14A519AFDE400038BC72 /* main.m in Sources */,
			);
			runOnlyForDeploymentPostprocessing = 0;
		};
		210A14B219AFDE400038BC72 /* Sources */ = {
			isa = PBXSourcesBuildPhase;
			buildActionMask = 2147483647;
			files = (
				210A14C419AFDE400038BC72 /* Escape_The_UnderworldTests.m in Sources */,
			);
			runOnlyForDeploymentPostprocessing = 0;
		};
/* End PBXSourcesBuildPhase section */

/* Begin PBXTargetDependency section */
		210A14BC19AFDE400038BC72 /* PBXTargetDependency */ = {
			isa = PBXTargetDependency;
			target = 210A149419AFDE400038BC72 /* Escape The Underworld */;
			targetProxy = 210A14BB19AFDE400038BC72 /* PBXContainerItemProxy */;
		};
/* End PBXTargetDependency section */

/* Begin PBXVariantGroup section */
		210A14A119AFDE400038BC72 /* InfoPlist.strings */ = {
			isa = PBXVariantGroup;
			children = (
				210A14A219AFDE400038BC72 /* en */,
			);
			name = InfoPlist.strings;
			sourceTree = "<group>";
		};
		210A14AA19AFDE400038BC72 /* Main.storyboard */ = {
			isa = PBXVariantGroup;
			children = (
				210A14AB19AFDE400038BC72 /* Base */,
			);
			name = Main.storyboard;
			sourceTree = "<group>";
		};
		210A14C019AFDE400038BC72 /* InfoPlist.strings */ = {
			isa = PBXVariantGroup;
			children = (
				210A14C119AFDE400038BC72 /* en */,
			);
			name = InfoPlist.strings;
			sourceTree = "<group>";
		};
/* End PBXVariantGroup section */

/* Begin XCBuildConfiguration section */
		210A14C519AFDE400038BC72 /* Debug */ = {
			isa = XCBuildConfiguration;
			buildSettings = {
				ALWAYS_SEARCH_USER_PATHS = NO;
				CLANG_CXX_LANGUAGE_STANDARD = "gnu++0x";
				CLANG_CXX_LIBRARY = "libc++";
				CLANG_ENABLE_MODULES = YES;
				CLANG_ENABLE_OBJC_ARC = YES;
				CLANG_WARN_BOOL_CONVERSION = YES;
				CLANG_WARN_CONSTANT_CONVERSION = YES;
				CLANG_WARN_DIRECT_OBJC_ISA_USAGE = YES_ERROR;
				CLANG_WARN_EMPTY_BODY = YES;
				CLANG_WARN_ENUM_CONVERSION = YES;
				CLANG_WARN_INT_CONVERSION = YES;
				CLANG_WARN_OBJC_ROOT_CLASS = YES_ERROR;
				CLANG_WARN__DUPLICATE_METHOD_MATCH = YES;
				"CODE_SIGN_IDENTITY[sdk=iphoneos*]" = "iPhone Developer";
				COPY_PHASE_STRIP = NO;
				GCC_C_LANGUAGE_STANDARD = gnu99;
				GCC_DYNAMIC_NO_PIC = NO;
				GCC_OPTIMIZATION_LEVEL = 0;
				GCC_PREPROCESSOR_DEFINITIONS = (
					"DEBUG=1",
					"$(inherited)",
				);
				GCC_SYMBOLS_PRIVATE_EXTERN = NO;
				GCC_WARN_64_TO_32_BIT_CONVERSION = YES;
				GCC_WARN_ABOUT_RETURN_TYPE = YES_ERROR;
				GCC_WARN_UNDECLARED_SELECTOR = YES;
				GCC_WARN_UNINITIALIZED_AUTOS = YES_AGGRESSIVE;
				GCC_WARN_UNUSED_FUNCTION = YES;
				GCC_WARN_UNUSED_VARIABLE = YES;
				IPHONEOS_DEPLOYMENT_TARGET = 7.1;
				ONLY_ACTIVE_ARCH = YES;
				SDKROOT = iphoneos;
			};
			name = Debug;
		};
		210A14C619AFDE400038BC72 /* Release */ = {
			isa = XCBuildConfiguration;
			buildSettings = {
				ALWAYS_SEARCH_USER_PATHS = NO;
				CLANG_CXX_LANGUAGE_STANDARD = "gnu++0x";
				CLANG_CXX_LIBRARY = "libc++";
				CLANG_ENABLE_MODULES = YES;
				CLANG_ENABLE_OBJC_ARC = YES;
				CLANG_WARN_BOOL_CONVERSION = YES;
				CLANG_WARN_CONSTANT_CONVERSION = YES;
				CLANG_WARN_DIRECT_OBJC_ISA_USAGE = YES_ERROR;
				CLANG_WARN_EMPTY_BODY = YES;
				CLANG_WARN_ENUM_CONVERSION = YES;
				CLANG_WARN_INT_CONVERSION = YES;
				CLANG_WARN_OBJC_ROOT_CLASS = YES_ERROR;
				CLANG_WARN__DUPLICATE_METHOD_MATCH = YES;
				"CODE_SIGN_IDENTITY[sdk=iphoneos*]" = "iPhone Developer";
				COPY_PHASE_STRIP = YES;
				ENABLE_NS_ASSERTIONS = NO;
				GCC_C_LANGUAGE_STANDARD = gnu99;
				GCC_WARN_64_TO_32_BIT_CONVERSION = YES;
				GCC_WARN_ABOUT_RETURN_TYPE = YES_ERROR;
				GCC_WARN_UNDECLARED_SELECTOR = YES;
				GCC_WARN_UNINITIALIZED_AUTOS = YES_AGGRESSIVE;
				GCC_WARN_UNUSED_FUNCTION = YES;
				GCC_WARN_UNUSED_VARIABLE = YES;
				IPHONEOS_DEPLOYMENT_TARGET = 7.1;
				SDKROOT = iphoneos;
				VALIDATE_PRODUCT = YES;
			};
			name = Release;
		};
		210A14C819AFDE400038BC72 /* Debug */ = {
			isa = XCBuildConfiguration;
			buildSettings = {
				ASSETCATALOG_COMPILER_APPICON_NAME = AppIcon;
				ASSETCATALOG_COMPILER_LAUNCHIMAGE_NAME = LaunchImage;
				GCC_PRECOMPILE_PREFIX_HEADER = YES;
				GCC_PREFIX_HEADER = "Escape The Underworld/Escape The Underworld-Prefix.pch";
				INFOPLIST_FILE = "Escape The Underworld/Escape The Underworld-Info.plist";
				PRODUCT_NAME = "$(TARGET_NAME)";
				WRAPPER_EXTENSION = app;
			};
			name = Debug;
		};
		210A14C919AFDE400038BC72 /* Release */ = {
			isa = XCBuildConfiguration;
			buildSettings = {
				ASSETCATALOG_COMPILER_APPICON_NAME = AppIcon;
				ASSETCATALOG_COMPILER_LAUNCHIMAGE_NAME = LaunchImage;
				GCC_PRECOMPILE_PREFIX_HEADER = YES;
				GCC_PREFIX_HEADER = "Escape The Underworld/Escape The Underworld-Prefix.pch";
				INFOPLIST_FILE = "Escape The Underworld/Escape The Underworld-Info.plist";
				PRODUCT_NAME = "$(TARGET_NAME)";
				WRAPPER_EXTENSION = app;
			};
			name = Release;
		};
		210A14CB19AFDE400038BC72 /* Debug */ = {
			isa = XCBuildConfiguration;
			buildSettings = {
				BUNDLE_LOADER = "$(BUILT_PRODUCTS_DIR)/Escape The Underworld.app/Escape The Underworld";
				FRAMEWORK_SEARCH_PATHS = (
					"$(SDKROOT)/Developer/Library/Frameworks",
					"$(inherited)",
					"$(DEVELOPER_FRAMEWORKS_DIR)",
				);
				GCC_PRECOMPILE_PREFIX_HEADER = YES;
				GCC_PREFIX_HEADER = "Escape The Underworld/Escape The Underworld-Prefix.pch";
				GCC_PREPROCESSOR_DEFINITIONS = (
					"DEBUG=1",
					"$(inherited)",
				);
				INFOPLIST_FILE = "Escape The UnderworldTests/Escape The UnderworldTests-Info.plist";
				PRODUCT_NAME = "$(TARGET_NAME)";
				TEST_HOST = "$(BUNDLE_LOADER)";
				WRAPPER_EXTENSION = xctest;
			};
			name = Debug;
		};
		210A14CC19AFDE400038BC72 /* Release */ = {
			isa = XCBuildConfiguration;
			buildSettings = {
				BUNDLE_LOADER = "$(BUILT_PRODUCTS_DIR)/Escape The Underworld.app/Escape The Underworld";
				FRAMEWORK_SEARCH_PATHS = (
					"$(SDKROOT)/Developer/Library/Frameworks",
					"$(inherited)",
					"$(DEVELOPER_FRAMEWORKS_DIR)",
				);
				GCC_PRECOMPILE_PREFIX_HEADER = YES;
				GCC_PREFIX_HEADER = "Escape The Underworld/Escape The Underworld-Prefix.pch";
				INFOPLIST_FILE = "Escape The UnderworldTests/Escape The UnderworldTests-Info.plist";
				PRODUCT_NAME = "$(TARGET_NAME)";
				TEST_HOST = "$(BUNDLE_LOADER)";
				WRAPPER_EXTENSION = xctest;
			};
			name = Release;
		};
/* End XCBuildConfiguration section */

/* Begin XCConfigurationList section */
		210A149019AFDE400038BC72 /* Build configuration list for PBXProject "Escape The Underworld" */ = {
			isa = XCConfigurationList;
			buildConfigurations = (
				210A14C519AFDE400038BC72 /* Debug */,
				210A14C619AFDE400038BC72 /* Release */,
			);
			defaultConfigurationIsVisible = 0;
			defaultConfigurationName = Release;
		};
		210A14C719AFDE400038BC72 /* Build configuration list for PBXNativeTarget "Escape The Underworld" */ = {
			isa = XCConfigurationList;
			buildConfigurations = (
				210A14C819AFDE400038BC72 /* Debug */,
				210A14C919AFDE400038BC72 /* Release */,
			);
			defaultConfigurationIsVisible = 0;
		};
		210A14CA19AFDE400038BC72 /* Build configuration list for PBXNativeTarget "Escape The UnderworldTests" */ = {
			isa = XCConfigurationList;
			buildConfigurations = (
				210A14CB19AFDE400038BC72 /* Debug */,
				210A14CC19AFDE400038BC72 /* Release */,
			);
			defaultConfigurationIsVisible = 0;
		};
/* End XCConfigurationList section */
	};
	rootObject = 210A148D19AFDE400038BC72 /* Project object */;
}
